
Microsoft Visual Studio Solution File, Format Version 12.00
# Visual Studio 15
VisualStudioVersion = 15.0.27130.2027
MinimumVisualStudioVersion = 10.0.40219.1
Project("{FAE04EC0-301F-11D3-BF4B-00C04F79EFBC}") = "Demo_MVC", "Demo_MVC\Demo_MVC.csproj", "{B2BBAE8C-4AFE-4F0B-82CD-E040E093208F}"
EndProject
Global
	GlobalSection(SolutionConfigurationPlatforms) = preSolution
		Debug|Any CPU = Debug|Any CPU
		Release|Any CPU = Release|Any CPU
	EndGlobalSection
	GlobalSection(ProjectConfigurationPlatforms) = postSolution
		{B2BBAE8C-4AFE-4F0B-82CD-E040E093208F}.Debug|Any CPU.ActiveCfg = Debug|Any CPU
		{B2BBAE8C-4AFE-4F0B-82CD-E040E093208F}.Debug|Any CPU.Build.0 = Debug|Any CPU
		{B2BBAE8C-4AFE-4F0B-82CD-E040E093208F}.Release|Any CPU.ActiveCfg = Release|Any CPU
		{B2BBAE8C-4AFE-4F0B-82CD-E040E093208F}.Release|Any CPU.Build.0 = Release|Any CPU
	EndGlobalSection
	GlobalSection(SolutionProperties) = preSolution
		HideSolutionNode = FALSE
	EndGlobalSection
	GlobalSection(ExtensibilityGlobals) = postSolution
		SolutionGuid = {81729711-E6C8-44AE-B8FC-D879B0364180}
	EndGlobalSection
EndGlobal
